PackratFormat: 1.4
PackratVersion: 0.4.8.1
RVersion: 3.3.2
Repos: CRAN=https://cran.rstudio.com/

Package: Rcpp
Source: CRAN
Version: 0.12.9

Package: backports
Source: CRAN
Version: 1.0.5

Package: base64enc
Source: CRAN
Version: 0.1-3

Package: bitops
Source: CRAN
Version: 1.0-6

Package: caTools
Source: CRAN
Version: 1.17.1
Requires: bitops

Package: digest
Source: CRAN
Version: 0.6.12

Package: evaluate
Source: CRAN
Version: 0.10
Requires: stringr

Package: highr
Source: CRAN
Version: 0.6

Package: htmltools
Source: CRAN
Version: 0.3.5
Requires: Rcpp, digest

Package: jsonlite
Source: CRAN
Version: 1.3

Package: knitr
Source: CRAN
Version: 1.15.1
Requires: digest, evaluate, highr, markdown, stringr, yaml

Package: magrittr
Source: CRAN
Version: 1.5

Package: markdown
Source: CRAN
Version: 0.7.7
Requires: mime

Package: mime
Source: CRAN
Version: 0.5

Package: packrat
Source: CRAN
Version: 0.4.8-1
Hash: 6ad605ba7b4b476d84be6632393f5765

Package: rmarkdown
Source: CRAN
Version: 1.3
Requires: base64enc, caTools, evaluate, htmltools, jsonlite, knitr,
    rprojroot, yaml

Package: rprojroot
Source: CRAN
Version: 1.2
Requires: backports

Package: stringi
Source: CRAN
Version: 1.1.2

Package: stringr
Source: CRAN
Version: 1.2.0
Requires: magrittr, stringi

Package: yaml
Source: CRAN
Version: 2.1.14
